
Microsoft Visual Studio Solution File, Format Version 12.00
# Visual Studio Version 16
VisualStudioVersion = 16.0.30907.101
MinimumVisualStudioVersion = 10.0.40219.1
Project("{FAE04EC0-301F-11D3-BF4B-00C04F79EFBC}") = "KSPDataExport", "KSPDataExport\KSPDataExport.csproj", "{DA899E6F-EA17-43A3-A077-EAC5CDD48BDC}"
EndProject
Global
	GlobalSection(SolutionConfigurationPlatforms) = preSolution
		Debug|Any CPU = Debug|Any CPU
		Release|Any CPU = Release|Any CPU
	EndGlobalSection
	GlobalSection(ProjectConfigurationPlatforms) = postSolution
		{DA899E6F-EA17-43A3-A077-EAC5CDD48BDC}.Debug|Any CPU.ActiveCfg = Debug|Any CPU
		{DA899E6F-EA17-43A3-A077-EAC5CDD48BDC}.Debug|Any CPU.Build.0 = Debug|Any CPU
		{DA899E6F-EA17-43A3-A077-EAC5CDD48BDC}.Release|Any CPU.ActiveCfg = Release|Any CPU
		{DA899E6F-EA17-43A3-A077-EAC5CDD48BDC}.Release|Any CPU.Build.0 = Release|Any CPU
	EndGlobalSection
	GlobalSection(SolutionProperties) = preSolution
		HideSolutionNode = FALSE
	EndGlobalSection
	GlobalSection(ExtensibilityGlobals) = postSolution
		SolutionGuid = {DD75EF07-74B3-43B4-9733-A575E47D7C96}
	EndGlobalSection
EndGlobal
